// !$*UTF8*$!
{
	archiveVersion = 1;
	classes = {
	};
	objectVersion = 60;
	objects = {

/* Begin PBXBuildFile section */
		0D0D76182B0B26BC00B3FA75 /* RandomForest.mlpackage in Sources */ = {isa = PBXBuildFile; fileRef = 0D0D76172B0B26BC00B3FA75 /* RandomForest.mlpackage */; };
		0D360B212B0173EB00EC1435 /* DataElements.swift in Sources */ = {isa = PBXBuildFile; fileRef = 0D360B202B0173EB00EC1435 /* DataElements.swift */; };
		0D37F44A2B147F15002153AC /* RandomForest2.mlpackage in Sources */ = {isa = PBXBuildFile; fileRef = 0D37F4492B147F15002153AC /* RandomForest2.mlpackage */; };
		0D4DA6122B071EBF00A9586D /* MainView.swift in Sources */ = {isa = PBXBuildFile; fileRef = 0D4DA6112B071EBF00A9586D /* MainView.swift */; };
		0D4DA6142B0725FA00A9586D /* CalculateView.swift in Sources */ = {isa = PBXBuildFile; fileRef = 0D4DA6132B0725FA00A9586D /* CalculateView.swift */; };
		0D4DA6162B0748CB00A9586D /* InputView.swift in Sources */ = {isa = PBXBuildFile; fileRef = 0D4DA6152B0748CB00A9586D /* InputView.swift */; };
		0DE864CB2B00370000486A30 /* HARPApp.swift in Sources */ = {isa = PBXBuildFile; fileRef = 0DE864CA2B00370000486A30 /* HARPApp.swift */; };
		0DE864CF2B00370100486A30 /* Assets.xcassets in Resources */ = {isa = PBXBuildFile; fileRef = 0DE864CE2B00370100486A30 /* Assets.xcassets */; };
		0DE864D22B00370100486A30 /* Preview Assets.xcassets in Resources */ = {isa = PBXBuildFile; fileRef = 0DE864D12B00370100486A30 /* Preview Assets.xcassets */; };
		0DE864DC2B00370100486A30 /* HARPTests.swift in Sources */ = {isa = PBXBuildFile; fileRef = 0DE864DB2B00370100486A30 /* HARPTests.swift */; };
		0DE864E62B00370100486A30 /* HARPUITests.swift in Sources */ = {isa = PBXBuildFile; fileRef = 0DE864E52B00370100486A30 /* HARPUITests.swift */; };
		0DE864E82B00370100486A30 /* HARPUITestsLaunchTests.swift in Sources */ = {isa = PBXBuildFile; fileRef = 0DE864E72B00370100486A30 /* HARPUITestsLaunchTests.swift */; };
/* End PBXBuildFile section */

/* Begin PBXContainerItemProxy section */
		0DE864D82B00370100486A30 /* PBXContainerItemProxy */ = {
			isa = PBXContainerItemProxy;
			containerPortal = 0DE864BF2B00370000486A30 /* Project object */;
			proxyType = 1;
			remoteGlobalIDString = 0DE864C62B00370000486A30;
			remoteInfo = HARP;
		};
		0DE864E22B00370100486A30 /* PBXContainerItemProxy */ = {
			isa = PBXContainerItemProxy;
			containerPortal = 0DE864BF2B00370000486A30 /* Project object */;
			proxyType = 1;
			remoteGlobalIDString = 0DE864C62B00370000486A30;
			remoteInfo = HARP;
		};
/* End PBXContainerItemProxy section */

/* Begin PBXFileReference section */
		0D0D76172B0B26BC00B3FA75 /* RandomForest.mlpackage */ = {isa = PBXFileReference; lastKnownFileType = folder.mlpackage; path = RandomForest.mlpackage; sourceTree = "<group>"; };
		0D360B202B0173EB00EC1435 /* DataElements.swift */ = {isa = PBXFileReference; lastKnownFileType = sourcecode.swift; path = DataElements.swift; sourceTree = "<group>"; };
		0D37F4492B147F15002153AC /* RandomForest2.mlpackage */ = {isa = PBXFileReference; lastKnownFileType = folder.mlpackage; path = RandomForest2.mlpackage; sourceTree = "<group>"; };
		0D4DA6112B071EBF00A9586D /* MainView.swift */ = {isa = PBXFileReference; fileEncoding = 4; lastKnownFileType = sourcecode.swift; path = MainView.swift; sourceTree = "<group>"; };
		0D4DA6132B0725FA00A9586D /* CalculateView.swift */ = {isa = PBXFileReference; lastKnownFileType = sourcecode.swift; path = CalculateView.swift; sourceTree = "<group>"; };
		0D4DA6152B0748CB00A9586D /* InputView.swift */ = {isa = PBXFileReference; lastKnownFileType = sourcecode.swift; path = InputView.swift; sourceTree = "<group>"; };
		0DE864C72B00370000486A30 /* HARP.app */ = {isa = PBXFileReference; explicitFileType = wrapper.application; includeInIndex = 0; path = HARP.app; sourceTree = BUILT_PRODUCTS_DIR; };
		0DE864CA2B00370000486A30 /* HARPApp.swift */ = {isa = PBXFileReference; lastKnownFileType = sourcecode.swift; path = HARPApp.swift; sourceTree = "<group>"; };
		0DE864CE2B00370100486A30 /* Assets.xcassets */ = {isa = PBXFileReference; lastKnownFileType = folder.assetcatalog; path = Assets.xcassets; sourceTree = "<group>"; };
		0DE864D12B00370100486A30 /* Preview Assets.xcassets */ = {isa = PBXFileReference; lastKnownFileType = folder.assetcatalog; path = "Preview Assets.xcassets"; sourceTree = "<group>"; };
		0DE864D72B00370100486A30 /* HARPTests.xctest */ = {isa = PBXFileReference; explicitFileType = wrapper.cfbundle; includeInIndex = 0; path = HARPTests.xctest; sourceTree = BUILT_PRODUCTS_DIR; };
		0DE864DB2B00370100486A30 /* HARPTests.swift */ = {isa = PBXFileReference; lastKnownFileType = sourcecode.swift; path = HARPTests.swift; sourceTree = "<group>"; };
		0DE864E12B00370100486A30 /* HARPUITests.xctest */ = {isa = PBXFileReference; explicitFileType = wrapper.cfbundle; includeInIndex = 0; path = HARPUITests.xctest; sourceTree = BUILT_PRODUCTS_DIR; };
		0DE864E52B00370100486A30 /* HARPUITests.swift */ = {isa = PBXFileReference; lastKnownFileType = sourcecode.swift; path = HARPUITests.swift; sourceTree = "<group>"; };
		0DE864E72B00370100486A30 /* HARPUITestsLaunchTests.swift */ = {isa = PBXFileReference; lastKnownFileType = sourcecode.swift; path = HARPUITestsLaunchTests.swift; sourceTree = "<group>"; };
		0DEFB24B2B00C642001DA92F /* HARP.entitlements */ = {isa = PBXFileReference; lastKnownFileType = text.plist.entitlements; path = HARP.entitlements; sourceTree = "<group>"; };
/* End PBXFileReference section */

/* Begin PBXFrameworksBuildPhase section */
		0DE864C42B00370000486A30 /* Frameworks */ = {
			isa = PBXFrameworksBuildPhase;
			buildActionMask = 2147483647;
			files = (
			);
			runOnlyForDeploymentPostprocessing = 0;
		};
		0DE864D42B00370100486A30 /* Frameworks */ = {
			isa = PBXFrameworksBuildPhase;
			buildActionMask = 2147483647;
			files = (
			);
			runOnlyForDeploymentPostprocessing = 0;
		};
		0DE864DE2B00370100486A30 /* Frameworks */ = {
			isa = PBXFrameworksBuildPhase;
			buildActionMask = 2147483647;
			files = (
			);
			runOnlyForDeploymentPostprocessing = 0;
		};
/* End PBXFrameworksBuildPhase section */

/* Begin PBXGroup section */
		0DE864BE2B00370000486A30 = {
			isa = PBXGroup;
			children = (
				0DE864C92B00370000486A30 /* HARP */,
				0DE864DA2B00370100486A30 /* HARPTests */,
				0DE864E42B00370100486A30 /* HARPUITests */,
				0DE864C82B00370000486A30 /* Products */,
			);
			sourceTree = "<group>";
		};
		0DE864C82B00370000486A30 /* Products */ = {
			isa = PBXGroup;
			children = (
				0DE864C72B00370000486A30 /* HARP.app */,
				0DE864D72B00370100486A30 /* HARPTests.xctest */,
				0DE864E12B00370100486A30 /* HARPUITests.xctest */,
			);
			name = Products;
			sourceTree = "<group>";
		};
		0DE864C92B00370000486A30 /* HARP */ = {
			isa = PBXGroup;
			children = (
				0D4DA6152B0748CB00A9586D /* InputView.swift */,
				0DEFB24B2B00C642001DA92F /* HARP.entitlements */,
				0D360B202B0173EB00EC1435 /* DataElements.swift */,
				0DE864CA2B00370000486A30 /* HARPApp.swift */,
				0D37F4492B147F15002153AC /* RandomForest2.mlpackage */,
				0D4DA6132B0725FA00A9586D /* CalculateView.swift */,
				0D0D76172B0B26BC00B3FA75 /* RandomForest.mlpackage */,
				0D4DA6112B071EBF00A9586D /* MainView.swift */,
				0DE864CE2B00370100486A30 /* Assets.xcassets */,
				0DE864D02B00370100486A30 /* Preview Content */,
			);
			path = HARP;
			sourceTree = "<group>";
		};
		0DE864D02B00370100486A30 /* Preview Content */ = {
			isa = PBXGroup;
			children = (
				0DE864D12B00370100486A30 /* Preview Assets.xcassets */,
			);
			path = "Preview Content";
			sourceTree = "<group>";
		};
		0DE864DA2B00370100486A30 /* HARPTests */ = {
			isa = PBXGroup;
			children = (
				0DE864DB2B00370100486A30 /* HARPTests.swift */,
			);
			path = HARPTests;
			sourceTree = "<group>";
		};
		0DE864E42B00370100486A30 /* HARPUITests */ = {
			isa = PBXGroup;
			children = (
				0DE864E52B00370100486A30 /* HARPUITests.swift */,
				0DE864E72B00370100486A30 /* HARPUITestsLaunchTests.swift */,
			);
			path = HARPUITests;
			sourceTree = "<group>";
		};
/* End PBXGroup section */

/* Begin PBXNativeTarget section */
		0DE864C62B00370000486A30 /* HARP */ = {
			isa = PBXNativeTarget;
			buildConfigurationList = 0DE864EB2B00370100486A30 /* Build configuration list for PBXNativeTarget "HARP" */;
			buildPhases = (
				0DE864C32B00370000486A30 /* Sources */,
				0DE864C42B00370000486A30 /* Frameworks */,
				0DE864C52B00370000486A30 /* Resources */,
			);
			buildRules = (
			);
			dependencies = (
			);
			name = HARP;
			productName = HARP;
			productReference = 0DE864C72B00370000486A30 /* HARP.app */;
			productType = "com.apple.product-type.application";
		};
		0DE864D62B00370100486A30 /* HARPTests */ = {
			isa = PBXNativeTarget;
			buildConfigurationList = 0DE864EE2B00370100486A30 /* Build configuration list for PBXNativeTarget "HARPTests" */;
			buildPhases = (
				0DE864D32B00370100486A30 /* Sources */,
				0DE864D42B00370100486A30 /* Frameworks */,
				0DE864D52B00370100486A30 /* Resources */,
			);
			buildRules = (
			);
			dependencies = (
				0DE864D92B00370100486A30 /* PBXTargetDependency */,
			);
			name = HARPTests;
			productName = HARPTests;
			productReference = 0DE864D72B00370100486A30 /* HARPTests.xctest */;
			productType = "com.apple.product-type.bundle.unit-test";
		};
		0DE864E02B00370100486A30 /* HARPUITests */ = {
			isa = PBXNativeTarget;
			buildConfigurationList = 0DE864F12B00370100486A30 /* Build configuration list for PBXNativeTarget "HARPUITests" */;
			buildPhases = (
				0DE864DD2B00370100486A30 /* Sources */,
				0DE864DE2B00370100486A30 /* Frameworks */,
				0DE864DF2B00370100486A30 /* Resources */,
			);
			buildRules = (
			);
			dependencies = (
				0DE864E32B00370100486A30 /* PBXTargetDependency */,
			);
			name = HARPUITests;
			productName = HARPUITests;
			productReference = 0DE864E12B00370100486A30 /* HARPUITests.xctest */;
			productType = "com.apple.product-type.bundle.ui-testing";
		};
/* End PBXNativeTarget section */

/* Begin PBXProject section */
		0DE864BF2B00370000486A30 /* Project object */ = {
			isa = PBXProject;
			attributes = {
				BuildIndependentTargetsInParallel = 1;
				LastSwiftUpdateCheck = 1500;
				LastUpgradeCheck = 1500;
				TargetAttributes = {
					0DE864C62B00370000486A30 = {
						CreatedOnToolsVersion = 15.0.1;
					};
					0DE864D62B00370100486A30 = {
						CreatedOnToolsVersion = 15.0.1;
						TestTargetID = 0DE864C62B00370000486A30;
					};
					0DE864E02B00370100486A30 = {
						CreatedOnToolsVersion = 15.0.1;
						TestTargetID = 0DE864C62B00370000486A30;
					};
				};
			};
			buildConfigurationList = 0DE864C22B00370000486A30 /* Build configuration list for PBXProject "HARP" */;
			compatibilityVersion = "Xcode 15.0";
			developmentRegion = en;
			hasScannedForEncodings = 0;
			knownRegions = (
				en,
				Base,
			);
			mainGroup = 0DE864BE2B00370000486A30;
			productRefGroup = 0DE864C82B00370000486A30 /* Products */;
			projectDirPath = "";
			projectRoot = "";
			targets = (
				0DE864C62B00370000486A30 /* HARP */,
				0DE864D62B00370100486A30 /* HARPTests */,
				0DE864E02B00370100486A30 /* HARPUITests */,
			);
		};
/* End PBXProject section */

/* Begin PBXResourcesBuildPhase section */
		0DE864C52B00370000486A30 /* Resources */ = {
			isa = PBXResourcesBuildPhase;
			buildActionMask = 2147483647;
			files = (
				0DE864D22B00370100486A30 /* Preview Assets.xcassets in Resources */,
				0DE864CF2B00370100486A30 /* Assets.xcassets in Resources */,
			);
			runOnlyForDeploymentPostprocessing = 0;
		};
		0DE864D52B00370100486A30 /* Resources */ = {
			isa = PBXResourcesBuildPhase;
			buildActionMask = 2147483647;
			files = (
			);
			runOnlyForDeploymentPostprocessing = 0;
		};
		0DE864DF2B00370100486A30 /* Resources */ = {
			isa = PBXResourcesBuildPhase;
			buildActionMask = 2147483647;
			files = (
			);
			runOnlyForDeploymentPostprocessing = 0;
		};
/* End PBXResourcesBuildPhase section */

/* Begin PBXSourcesBuildPhase section */
		0DE864C32B00370000486A30 /* Sources */ = {
			isa = PBXSourcesBuildPhase;
			buildActionMask = 2147483647;
			files = (
				0D37F44A2B147F15002153AC /* RandomForest2.mlpackage in Sources */,
				0D4DA6142B0725FA00A9586D /* CalculateView.swift in Sources */,
				0D4DA6122B071EBF00A9586D /* MainView.swift in Sources */,
				0D4DA6162B0748CB00A9586D /* InputView.swift in Sources */,
				0D360B212B0173EB00EC1435 /* DataElements.swift in Sources */,
				0DE864CB2B00370000486A30 /* HARPApp.swift in Sources */,
				0D0D76182B0B26BC00B3FA75 /* RandomForest.mlpackage in Sources */,
			);
			runOnlyForDeploymentPostprocessing = 0;
		};
		0DE864D32B00370100486A30 /* Sources */ = {
			isa = PBXSourcesBuildPhase;
			buildActionMask = 2147483647;
			files = (
				0DE864DC2B00370100486A30 /* HARPTests.swift in Sources */,
			);
			runOnlyForDeploymentPostprocessing = 0;
		};
		0DE864DD2B00370100486A30 /* Sources */ = {
			isa = PBXSourcesBuildPhase;
			buildActionMask = 2147483647;
			files = (
				0DE864E62B00370100486A30 /* HARPUITests.swift in Sources */,
				0DE864E82B00370100486A30 /* HARPUITestsLaunchTests.swift in Sources */,
			);
			runOnlyForDeploymentPostprocessing = 0;
		};
/* End PBXSourcesBuildPhase section */

/* Begin PBXTargetDependency section */
		0DE864D92B00370100486A30 /* PBXTargetDependency */ = {
			isa = PBXTargetDependency;
			target = 0DE864C62B00370000486A30 /* HARP */;
			targetProxy = 0DE864D82B00370100486A30 /* PBXContainerItemProxy */;
		};
		0DE864E32B00370100486A30 /* PBXTargetDependency */ = {
			isa = PBXTargetDependency;
			target = 0DE864C62B00370000486A30 /* HARP */;
			targetProxy = 0DE864E22B00370100486A30 /* PBXContainerItemProxy */;
		};
/* End PBXTargetDependency section */

/* Begin XCBuildConfiguration section */
		0DE864E92B00370100486A30 /* Debug */ = {
			isa = XCBuildConfiguration;
			buildSettings = {
				ALWAYS_SEARCH_USER_PATHS = NO;
				ASSETCATALOG_COMPILER_GENERATE_SWIFT_ASSET_SYMBOL_EXTENSIONS = YES;
				CLANG_ANALYZER_NONNULL = YES;
				CLANG_ANALYZER_NUMBER_OBJECT_CONVERSION = YES_AGGRESSIVE;
				CLANG_CXX_LANGUAGE_STANDARD = "gnu++20";
				CLANG_ENABLE_MODULES = YES;
				CLANG_ENABLE_OBJC_ARC = YES;
				CLANG_ENABLE_OBJC_WEAK = YES;
				CLANG_WARN_BLOCK_CAPTURE_AUTORELEASING = YES;
				CLANG_WARN_BOOL_CONVERSION = YES;
				CLANG_WARN_COMMA = YES;
				CLANG_WARN_CONSTANT_CONVERSION = YES;
				CLANG_WARN_DEPRECATED_OBJC_IMPLEMENTATIONS = YES;
				CLANG_WARN_DIRECT_OBJC_ISA_USAGE = YES_ERROR;
				CLANG_WARN_DOCUMENTATION_COMMENTS = YES;
				CLANG_WARN_EMPTY_BODY = YES;
				CLANG_WARN_ENUM_CONVERSION = YES;
				CLANG_WARN_INFINITE_RECURSION = YES;
				CLANG_WARN_INT_CONVERSION = YES;
				CLANG_WARN_NON_LITERAL_NULL_CONVERSION = YES;
				CLANG_WARN_OBJC_IMPLICIT_RETAIN_SELF = YES;
				CLANG_WARN_OBJC_LITERAL_CONVERSION = YES;
				CLANG_WARN_OBJC_ROOT_CLASS = YES_ERROR;
				CLANG_WARN_QUOTED_INCLUDE_IN_FRAMEWORK_HEADER = YES;
				CLANG_WARN_RANGE_LOOP_ANALYSIS = YES;
				CLANG_WARN_STRICT_PROTOTYPES = YES;
				CLANG_WARN_SUSPICIOUS_MOVE = YES;
				CLANG_WARN_UNGUARDED_AVAILABILITY = YES_AGGRESSIVE;
				CLANG_WARN_UNREACHABLE_CODE = YES;
				CLANG_WARN__DUPLICATE_METHOD_MATCH = YES;
				COPY_PHASE_STRIP = NO;
				DEBUG_INFORMATION_FORMAT = dwarf;
				ENABLE_STRICT_OBJC_MSGSEND = YES;
				ENABLE_TESTABILITY = YES;
				ENABLE_USER_SCRIPT_SANDBOXING = YES;
				GCC_C_LANGUAGE_STANDARD = gnu17;
				GCC_DYNAMIC_NO_PIC = NO;
				GCC_NO_COMMON_BLOCKS = YES;
				GCC_OPTIMIZATION_LEVEL = 0;
				GCC_PREPROCESSOR_DEFINITIONS = (
					"DEBUG=1",
					"$(inherited)",
				);
				GCC_WARN_64_TO_32_BIT_CONVERSION = YES;
				GCC_WARN_ABOUT_RETURN_TYPE = YES_ERROR;
				GCC_WARN_UNDECLARED_SELECTOR = YES;
				GCC_WARN_UNINITIALIZED_AUTOS = YES_AGGRESSIVE;
				GCC_WARN_UNUSED_FUNCTION = YES;
				GCC_WARN_UNUSED_VARIABLE = YES;
				"HEADER_SEARCH_PATHS[arch=*]" = "$(SDKROOT)/System/iOSSupport/System/Library/Frameworks/HealthKit.framework/Headers";
				IPHONEOS_DEPLOYMENT_TARGET = 17.0;
				LOCALIZATION_PREFERS_STRING_CATALOGS = YES;
				MTL_ENABLE_DEBUG_INFO = INCLUDE_SOURCE;
				MTL_FAST_MATH = YES;
				ONLY_ACTIVE_ARCH = YES;
				SDKROOT = iphoneos;
				SWIFT_ACTIVE_COMPILATION_CONDITIONS = "DEBUG $(inherited)";
				SWIFT_OPTIMIZATION_LEVEL = "-Onone";
			};
			name = Debug;
		};
		0DE864EA2B00370100486A30 /* Release */ = {
			isa = XCBuildConfiguration;
			buildSettings = {
				ALWAYS_SEARCH_USER_PATHS = NO;
				ASSETCATALOG_COMPILER_GENERATE_SWIFT_ASSET_SYMBOL_EXTENSIONS = YES;
				CLANG_ANALYZER_NONNULL = YES;
				CLANG_ANALYZER_NUMBER_OBJECT_CONVERSION = YES_AGGRESSIVE;
				CLANG_CXX_LANGUAGE_STANDARD = "gnu++20";
				CLANG_ENABLE_MODULES = YES;
				CLANG_ENABLE_OBJC_ARC = YES;
				CLANG_ENABLE_OBJC_WEAK = YES;
				CLANG_WARN_BLOCK_CAPTURE_AUTORELEASING = YES;
				CLANG_WARN_BOOL_CONVERSION = YES;
				CLANG_WARN_COMMA = YES;
				CLANG_WARN_CONSTANT_CONVERSION = YES;
				CLANG_WARN_DEPRECATED_OBJC_IMPLEMENTATIONS = YES;
				CLANG_WARN_DIRECT_OBJC_ISA_USAGE = YES_ERROR;
				CLANG_WARN_DOCUMENTATION_COMMENTS = YES;
				CLANG_WARN_EMPTY_BODY = YES;
				CLANG_WARN_ENUM_CONVERSION = YES;
				CLANG_WARN_INFINITE_RECURSION = YES;
				CLANG_WARN_INT_CONVERSION = YES;
				CLANG_WARN_NON_LITERAL_NULL_CONVERSION = YES;
				CLANG_WARN_OBJC_IMPLICIT_RETAIN_SELF = YES;
				CLANG_WARN_OBJC_LITERAL_CONVERSION = YES;
				CLANG_WARN_OBJC_ROOT_CLASS = YES_ERROR;
				CLANG_WARN_QUOTED_INCLUDE_IN_FRAMEWORK_HEADER = YES;
				CLANG_WARN_RANGE_LOOP_ANALYSIS = YES;
				CLANG_WARN_STRICT_PROTOTYPES = YES;
				CLANG_WARN_SUSPICIOUS_MOVE = YES;
				CLANG_WARN_UNGUARDED_AVAILABILITY = YES_AGGRESSIVE;
				CLANG_WARN_UNREACHABLE_CODE = YES;
				CLANG_WARN__DUPLICATE_METHOD_MATCH = YES;
				COPY_PHASE_STRIP = NO;
				DEBUG_INFORMATION_FORMAT = "dwarf-with-dsym";
				ENABLE_NS_ASSERTIONS = NO;
				ENABLE_STRICT_OBJC_MSGSEND = YES;
				ENABLE_USER_SCRIPT_SANDBOXING = YES;
				GCC_C_LANGUAGE_STANDARD = gnu17;
				GCC_NO_COMMON_BLOCKS = YES;
				GCC_WARN_64_TO_32_BIT_CONVERSION = YES;
				GCC_WARN_ABOUT_RETURN_TYPE = YES_ERROR;
				GCC_WARN_UNDECLARED_SELECTOR = YES;
				GCC_WARN_UNINITIALIZED_AUTOS = YES_AGGRESSIVE;
				GCC_WARN_UNUSED_FUNCTION = YES;
				GCC_WARN_UNUSED_VARIABLE = YES;
				IPHONEOS_DEPLOYMENT_TARGET = 17.0;
				LOCALIZATION_PREFERS_STRING_CATALOGS = YES;
				MTL_ENABLE_DEBUG_INFO = NO;
				MTL_FAST_MATH = YES;
				SDKROOT = iphoneos;
				SWIFT_COMPILATION_MODE = wholemodule;
				VALIDATE_PRODUCT = YES;
			};
			name = Release;
		};
		0DE864EC2B00370100486A30 /* Debug */ = {
			isa = XCBuildConfiguration;
			buildSettings = {
				ASSETCATALOG_COMPILER_APPICON_NAME = AppIcon;
				ASSETCATALOG_COMPILER_GLOBAL_ACCENT_COLOR_NAME = AccentColor;
				CODE_SIGN_ENTITLEMENTS = HARP/HARP.entitlements;
				CODE_SIGN_IDENTITY = "Apple Development";
				CODE_SIGN_STYLE = Automatic;
				CURRENT_PROJECT_VERSION = 1;
				DEVELOPMENT_ASSET_PATHS = "\"HARP/Preview Content\"";
				DEVELOPMENT_TEAM = 354CJBUQDJ;
				ENABLE_PREVIEWS = YES;
				GENERATE_INFOPLIST_FILE = YES;
				INFOPLIST_KEY_LSApplicationCategoryType = "public.app-category.healthcare-fitness";
				INFOPLIST_KEY_NSHealthClinicalHealthRecordsShareUsageDescription = "Your health records will be used to make risk predictions and recommendations";
				INFOPLIST_KEY_NSHealthShareUsageDescription = "Required for accessing health data";
				INFOPLIST_KEY_NSHealthUpdateUsageDescription = "Required for accessing health data";
				INFOPLIST_KEY_UIApplicationSceneManifest_Generation = YES;
				INFOPLIST_KEY_UIApplicationSupportsIndirectInputEvents = YES;
				INFOPLIST_KEY_UILaunchScreen_Generation = YES;
				INFOPLIST_KEY_UISupportedInterfaceOrientations_iPad = "UIInterfaceOrientationPortrait UIInterfaceOrientationPortraitUpsideDown UIInterfaceOrientationLandscapeLeft UIInterfaceOrientationLandscapeRight";
				INFOPLIST_KEY_UISupportedInterfaceOrientations_iPhone = "UIInterfaceOrientationPortrait UIInterfaceOrientationLandscapeLeft UIInterfaceOrientationLandscapeRight";
				IPHONEOS_DEPLOYMENT_TARGET = 17.0;
				LD_RUNPATH_SEARCH_PATHS = (
					"$(inherited)",
					"@executable_path/Frameworks",
				);
				MARKETING_VERSION = 1.0;
				PRODUCT_BUNDLE_IDENTIFIER = "Tatiana-Patton.HARP";
				PRODUCT_NAME = "$(TARGET_NAME)";
				PROVISIONING_PROFILE_SPECIFIER = "";
				SWIFT_EMIT_LOC_STRINGS = YES;
				SWIFT_VERSION = 5.0;
				TARGETED_DEVICE_FAMILY = "1,2";
			};
			name = Debug;
		};
		0DE864ED2B00370100486A30 /* Release */ = {
			isa = XCBuildConfiguration;
			buildSettings = {
				ASSETCATALOG_COMPILER_APPICON_NAME = AppIcon;
				ASSETCATALOG_COMPILER_GLOBAL_ACCENT_COLOR_NAME = AccentColor;
				CODE_SIGN_ENTITLEMENTS = HARP/HARP.entitlements;
				CODE_SIGN_IDENTITY = "Apple Development";
				CODE_SIGN_STYLE = Automatic;
				CURRENT_PROJECT_VERSION = 1;
				DEVELOPMENT_ASSET_PATHS = "\"HARP/Preview Content\"";
				DEVELOPMENT_TEAM = 354CJBUQDJ;
				ENABLE_PREVIEWS = YES;
				GENERATE_INFOPLIST_FILE = YES;
				INFOPLIST_KEY_LSApplicationCategoryType = "public.app-category.healthcare-fitness";
				INFOPLIST_KEY_NSHealthClinicalHealthRecordsShareUsageDescription = "Your health records will be used to make risk predictions and recommendations";
				INFOPLIST_KEY_NSHealthShareUsageDescription = "Required for accessing health data";
				INFOPLIST_KEY_NSHealthUpdateUsageDescription = "Required for accessing health data";
				INFOPLIST_KEY_UIApplicationSceneManifest_Generation = YES;
				INFOPLIST_KEY_UIApplicationSupportsIndirectInputEvents = YES;
				INFOPLIST_KEY_UILaunchScreen_Generation = YES;
				INFOPLIST_KEY_UISupportedInterfaceOrientations_iPad = "UIInterfaceOrientationPortrait UIInterfaceOrientationPortraitUpsideDown UIInterfaceOrientationLandscapeLeft UIInterfaceOrientationLandscapeRight";
				INFOPLIST_KEY_UISupportedInterfaceOrientations_iPhone = "UIInterfaceOrientationPortrait UIInterfaceOrientationLandscapeLeft UIInterfaceOrientationLandscapeRight";
				IPHONEOS_DEPLOYMENT_TARGET = 17.0;
				LD_RUNPATH_SEARCH_PATHS = (
					"$(inherited)",
					"@executable_path/Frameworks",
				);
				MARKETING_VERSION = 1.0;
				PRODUCT_BUNDLE_IDENTIFIER = "Tatiana-Patton.HARP";
				PRODUCT_NAME = "$(TARGET_NAME)";
				PROVISIONING_PROFILE_SPECIFIER = "";
				SWIFT_EMIT_LOC_STRINGS = YES;
				SWIFT_VERSION = 5.0;
				TARGETED_DEVICE_FAMILY = "1,2";
			};
			name = Release;
		};
		0DE864EF2B00370100486A30 /* Debug */ = {
			isa = XCBuildConfiguration;
			buildSettings = {
				ALWAYS_EMBED_SWIFT_STANDARD_LIBRARIES = YES;
				BUNDLE_LOADER = "$(TEST_HOST)";
				CODE_SIGN_STYLE = Automatic;
				CURRENT_PROJECT_VERSION = 1;
				DEVELOPMENT_TEAM = 354CJBUQDJ;
				GENERATE_INFOPLIST_FILE = YES;
				IPHONEOS_DEPLOYMENT_TARGET = 17.0;
				MARKETING_VERSION = 1.0;
				PRODUCT_BUNDLE_IDENTIFIER = "Tatiana-Patton.HARPTests";
				PRODUCT_NAME = "$(TARGET_NAME)";
				SWIFT_EMIT_LOC_STRINGS = NO;
				SWIFT_VERSION = 5.0;
				TARGETED_DEVICE_FAMILY = "1,2";
				TEST_HOST = "$(BUILT_PRODUCTS_DIR)/HARP.app/$(BUNDLE_EXECUTABLE_FOLDER_PATH)/HARP";
			};
			name = Debug;
		};
		0DE864F02B00370100486A30 /* Release */ = {
			isa = XCBuildConfiguration;
			buildSettings = {
				ALWAYS_EMBED_SWIFT_STANDARD_LIBRARIES = YES;
				BUNDLE_LOADER = "$(TEST_HOST)";
				CODE_SIGN_STYLE = Automatic;
				CURRENT_PROJECT_VERSION = 1;
				DEVELOPMENT_TEAM = 354CJBUQDJ;
				GENERATE_INFOPLIST_FILE = YES;
				IPHONEOS_DEPLOYMENT_TARGET = 17.0;
				MARKETING_VERSION = 1.0;
				PRODUCT_BUNDLE_IDENTIFIER = "Tatiana-Patton.HARPTests";
				PRODUCT_NAME = "$(TARGET_NAME)";
				SWIFT_EMIT_LOC_STRINGS = NO;
				SWIFT_VERSION = 5.0;
				TARGETED_DEVICE_FAMILY = "1,2";
				TEST_HOST = "$(BUILT_PRODUCTS_DIR)/HARP.app/$(BUNDLE_EXECUTABLE_FOLDER_PATH)/HARP";
			};
			name = Release;
		};
		0DE864F22B00370100486A30 /* Debug */ = {
			isa = XCBuildConfiguration;
			buildSettings = {
				ALWAYS_EMBED_SWIFT_STANDARD_LIBRARIES = YES;
				CODE_SIGN_STYLE = Automatic;
				CURRENT_PROJECT_VERSION = 1;
				DEVELOPMENT_TEAM = 354CJBUQDJ;
				GENERATE_INFOPLIST_FILE = YES;
				MARKETING_VERSION = 1.0;
				PRODUCT_BUNDLE_IDENTIFIER = "Tatiana-Patton.HARPUITests";
				PRODUCT_NAME = "$(TARGET_NAME)";
				SWIFT_EMIT_LOC_STRINGS = NO;
				SWIFT_VERSION = 5.0;
				TARGETED_DEVICE_FAMILY = "1,2";
				TEST_TARGET_NAME = HARP;
			};
			name = Debug;
		};
		0DE864F32B00370100486A30 /* Release */ = {
			isa = XCBuildConfiguration;
			buildSettings = {
				ALWAYS_EMBED_SWIFT_STANDARD_LIBRARIES = YES;
				CODE_SIGN_STYLE = Automatic;
				CURRENT_PROJECT_VERSION = 1;
				DEVELOPMENT_TEAM = 354CJBUQDJ;
				GENERATE_INFOPLIST_FILE = YES;
				MARKETING_VERSION = 1.0;
				PRODUCT_BUNDLE_IDENTIFIER = "Tatiana-Patton.HARPUITests";
				PRODUCT_NAME = "$(TARGET_NAME)";
				SWIFT_EMIT_LOC_STRINGS = NO;
				SWIFT_VERSION = 5.0;
				TARGETED_DEVICE_FAMILY = "1,2";
				TEST_TARGET_NAME = HARP;
			};
			name = Release;
		};
/* End XCBuildConfiguration section */

/* Begin XCConfigurationList section */
		0DE864C22B00370000486A30 /* Build configuration list for PBXProject "HARP" */ = {
			isa = XCConfigurationList;
			buildConfigurations = (
				0DE864E92B00370100486A30 /* Debug */,
				0DE864EA2B00370100486A30 /* Release */,
			);
			defaultConfigurationIsVisible = 0;
			defaultConfigurationName = Release;
		};
		0DE864EB2B00370100486A30 /* Build configuration list for PBXNativeTarget "HARP" */ = {
			isa = XCConfigurationList;
			buildConfigurations = (
				0DE864EC2B00370100486A30 /* Debug */,
				0DE864ED2B00370100486A30 /* Release */,
			);
			defaultConfigurationIsVisible = 0;
			defaultConfigurationName = Release;
		};
		0DE864EE2B00370100486A30 /* Build configuration list for PBXNativeTarget "HARPTests" */ = {
			isa = XCConfigurationList;
			buildConfigurations = (
				0DE864EF2B00370100486A30 /* Debug */,
				0DE864F02B00370100486A30 /* Release */,
			);
			defaultConfigurationIsVisible = 0;
			defaultConfigurationName = Release;
		};
		0DE864F12B00370100486A30 /* Build configuration list for PBXNativeTarget "HARPUITests" */ = {
			isa = XCConfigurationList;
			buildConfigurations = (
				0DE864F22B00370100486A30 /* Debug */,
				0DE864F32B00370100486A30 /* Release */,
			);
			defaultConfigurationIsVisible = 0;
			defaultConfigurationName = Release;
		};
/* End XCConfigurationList section */
	};
	rootObject = 0DE864BF2B00370000486A30 /* Project object */;
}
